// !$*UTF8*$!
{
	archiveVersion = 1;
	classes = {
	};
	objectVersion = 56;
	objects = {

/* Begin PBXBuildFile section */
		418B98CA2C8F495A009E51A4 /* AppDelegate.swift in Sources */ = {isa = PBXBuildFile; fileRef = 418B98C92C8F495A009E51A4 /* AppDelegate.swift */; };
		418B98CC2C8F495A009E51A4 /* SceneDelegate.swift in Sources */ = {isa = PBXBuildFile; fileRef = 418B98CB2C8F495A009E51A4 /* SceneDelegate.swift */; };
		418B98CE2C8F495A009E51A4 /* ViewController.swift in Sources */ = {isa = PBXBuildFile; fileRef = 418B98CD2C8F495A009E51A4 /* ViewController.swift */; };
		418B98D12C8F495A009E51A4 /* Base in Resources */ = {isa = PBXBuildFile; fileRef = 418B98D02C8F495A009E51A4 /* Base */; };
		418B98D32C8F495C009E51A4 /* Assets.xcassets in Resources */ = {isa = PBXBuildFile; fileRef = 418B98D22C8F495C009E51A4 /* Assets.xcassets */; };
		418B98D62C8F495C009E51A4 /* Base in Resources */ = {isa = PBXBuildFile; fileRef = 418B98D52C8F495C009E51A4 /* Base */; };
		418B98E12C8F495C009E51A4 /* RickAndMorty_MVVMTests.swift in Sources */ = {isa = PBXBuildFile; fileRef = 418B98E02C8F495C009E51A4 /* RickAndMorty_MVVMTests.swift */; };
		418B98EB2C8F495C009E51A4 /* RickAndMorty_MVVMUITests.swift in Sources */ = {isa = PBXBuildFile; fileRef = 418B98EA2C8F495C009E51A4 /* RickAndMorty_MVVMUITests.swift */; };
		418B98ED2C8F495C009E51A4 /* RickAndMorty_MVVMUITestsLaunchTests.swift in Sources */ = {isa = PBXBuildFile; fileRef = 418B98EC2C8F495C009E51A4 /* RickAndMorty_MVVMUITestsLaunchTests.swift */; };
/* End PBXBuildFile section */

/* Begin PBXContainerItemProxy section */
		418B98DD2C8F495C009E51A4 /* PBXContainerItemProxy */ = {
			isa = PBXContainerItemProxy;
			containerPortal = 418B98BE2C8F495A009E51A4 /* Project object */;
			proxyType = 1;
			remoteGlobalIDString = 418B98C52C8F495A009E51A4;
			remoteInfo = "RickAndMorty-MVVM";
		};
		418B98E72C8F495C009E51A4 /* PBXContainerItemProxy */ = {
			isa = PBXContainerItemProxy;
			containerPortal = 418B98BE2C8F495A009E51A4 /* Project object */;
			proxyType = 1;
			remoteGlobalIDString = 418B98C52C8F495A009E51A4;
			remoteInfo = "RickAndMorty-MVVM";
		};
/* End PBXContainerItemProxy section */

/* Begin PBXFileReference section */
		418B98C62C8F495A009E51A4 /* RickAndMorty-MVVM.app */ = {isa = PBXFileReference; explicitFileType = wrapper.application; includeInIndex = 0; path = "RickAndMorty-MVVM.app"; sourceTree = BUILT_PRODUCTS_DIR; };
		418B98C92C8F495A009E51A4 /* AppDelegate.swift */ = {isa = PBXFileReference; lastKnownFileType = sourcecode.swift; path = AppDelegate.swift; sourceTree = "<group>"; };
		418B98CB2C8F495A009E51A4 /* SceneDelegate.swift */ = {isa = PBXFileReference; lastKnownFileType = sourcecode.swift; path = SceneDelegate.swift; sourceTree = "<group>"; };
		418B98CD2C8F495A009E51A4 /* ViewController.swift */ = {isa = PBXFileReference; lastKnownFileType = sourcecode.swift; path = ViewController.swift; sourceTree = "<group>"; };
		418B98D02C8F495A009E51A4 /* Base */ = {isa = PBXFileReference; lastKnownFileType = file.storyboard; name = Base; path = Base.lproj/Main.storyboard; sourceTree = "<group>"; };
		418B98D22C8F495C009E51A4 /* Assets.xcassets */ = {isa = PBXFileReference; lastKnownFileType = folder.assetcatalog; path = Assets.xcassets; sourceTree = "<group>"; };
		418B98D52C8F495C009E51A4 /* Base */ = {isa = PBXFileReference; lastKnownFileType = file.storyboard; name = Base; path = Base.lproj/LaunchScreen.storyboard; sourceTree = "<group>"; };
		418B98D72C8F495C009E51A4 /* Info.plist */ = {isa = PBXFileReference; lastKnownFileType = text.plist.xml; path = Info.plist; sourceTree = "<group>"; };
		418B98DC2C8F495C009E51A4 /* RickAndMorty-MVVMTests.xctest */ = {isa = PBXFileReference; explicitFileType = wrapper.cfbundle; includeInIndex = 0; path = "RickAndMorty-MVVMTests.xctest"; sourceTree = BUILT_PRODUCTS_DIR; };
		418B98E02C8F495C009E51A4 /* RickAndMorty_MVVMTests.swift */ = {isa = PBXFileReference; lastKnownFileType = sourcecode.swift; path = RickAndMorty_MVVMTests.swift; sourceTree = "<group>"; };
		418B98E62C8F495C009E51A4 /* RickAndMorty-MVVMUITests.xctest */ = {isa = PBXFileReference; explicitFileType = wrapper.cfbundle; includeInIndex = 0; path = "RickAndMorty-MVVMUITests.xctest"; sourceTree = BUILT_PRODUCTS_DIR; };
		418B98EA2C8F495C009E51A4 /* RickAndMorty_MVVMUITests.swift */ = {isa = PBXFileReference; lastKnownFileType = sourcecode.swift; path = RickAndMorty_MVVMUITests.swift; sourceTree = "<group>"; };
		418B98EC2C8F495C009E51A4 /* RickAndMorty_MVVMUITestsLaunchTests.swift */ = {isa = PBXFileReference; lastKnownFileType = sourcecode.swift; path = RickAndMorty_MVVMUITestsLaunchTests.swift; sourceTree = "<group>"; };
/* End PBXFileReference section */

/* Begin PBXFrameworksBuildPhase section */
		418B98C32C8F495A009E51A4 /* Frameworks */ = {
			isa = PBXFrameworksBuildPhase;
			buildActionMask = 2147483647;
			files = (
			);
			runOnlyForDeploymentPostprocessing = 0;
		};
		418B98D92C8F495C009E51A4 /* Frameworks */ = {
			isa = PBXFrameworksBuildPhase;
			buildActionMask = 2147483647;
			files = (
			);
			runOnlyForDeploymentPostprocessing = 0;
		};
		418B98E32C8F495C009E51A4 /* Frameworks */ = {
			isa = PBXFrameworksBuildPhase;
			buildActionMask = 2147483647;
			files = (
			);
			runOnlyForDeploymentPostprocessing = 0;
		};
/* End PBXFrameworksBuildPhase section */

/* Begin PBXGroup section */
		418B98BD2C8F495A009E51A4 = {
			isa = PBXGroup;
			children = (
				418B98C82C8F495A009E51A4 /* RickAndMorty-MVVM */,
				418B98DF2C8F495C009E51A4 /* RickAndMorty-MVVMTests */,
				418B98E92C8F495C009E51A4 /* RickAndMorty-MVVMUITests */,
				418B98C72C8F495A009E51A4 /* Products */,
			);
			sourceTree = "<group>";
		};
		418B98C72C8F495A009E51A4 /* Products */ = {
			isa = PBXGroup;
			children = (
				418B98C62C8F495A009E51A4 /* RickAndMorty-MVVM.app */,
				418B98DC2C8F495C009E51A4 /* RickAndMorty-MVVMTests.xctest */,
				418B98E62C8F495C009E51A4 /* RickAndMorty-MVVMUITests.xctest */,
			);
			name = Products;
			sourceTree = "<group>";
		};
		418B98C82C8F495A009E51A4 /* RickAndMorty-MVVM */ = {
			isa = PBXGroup;
			children = (
				418B98C92C8F495A009E51A4 /* AppDelegate.swift */,
				418B98CB2C8F495A009E51A4 /* SceneDelegate.swift */,
				418B98CD2C8F495A009E51A4 /* ViewController.swift */,
				418B98CF2C8F495A009E51A4 /* Main.storyboard */,
				418B98D22C8F495C009E51A4 /* Assets.xcassets */,
				418B98D42C8F495C009E51A4 /* LaunchScreen.storyboard */,
				418B98D72C8F495C009E51A4 /* Info.plist */,
			);
			path = "RickAndMorty-MVVM";
			sourceTree = "<group>";
		};
		418B98DF2C8F495C009E51A4 /* RickAndMorty-MVVMTests */ = {
			isa = PBXGroup;
			children = (
				418B98E02C8F495C009E51A4 /* RickAndMorty_MVVMTests.swift */,
			);
			path = "RickAndMorty-MVVMTests";
			sourceTree = "<group>";
		};
		418B98E92C8F495C009E51A4 /* RickAndMorty-MVVMUITests */ = {
			isa = PBXGroup;
			children = (
				418B98EA2C8F495C009E51A4 /* RickAndMorty_MVVMUITests.swift */,
				418B98EC2C8F495C009E51A4 /* RickAndMorty_MVVMUITestsLaunchTests.swift */,
			);
			path = "RickAndMorty-MVVMUITests";
			sourceTree = "<group>";
		};
/* End PBXGroup section */

/* Begin PBXNativeTarget section */
		418B98C52C8F495A009E51A4 /* RickAndMorty-MVVM */ = {
			isa = PBXNativeTarget;
			buildConfigurationList = 418B98F02C8F495C009E51A4 /* Build configuration list for PBXNativeTarget "RickAndMorty-MVVM" */;
			buildPhases = (
				418B98C22C8F495A009E51A4 /* Sources */,
				418B98C32C8F495A009E51A4 /* Frameworks */,
				418B98C42C8F495A009E51A4 /* Resources */,
			);
			buildRules = (
			);
			dependencies = (
			);
			name = "RickAndMorty-MVVM";
			productName = "RickAndMorty-MVVM";
			productReference = 418B98C62C8F495A009E51A4 /* RickAndMorty-MVVM.app */;
			productType = "com.apple.product-type.application";
		};
		418B98DB2C8F495C009E51A4 /* RickAndMorty-MVVMTests */ = {
			isa = PBXNativeTarget;
			buildConfigurationList = 418B98F32C8F495C009E51A4 /* Build configuration list for PBXNativeTarget "RickAndMorty-MVVMTests" */;
			buildPhases = (
				418B98D82C8F495C009E51A4 /* Sources */,
				418B98D92C8F495C009E51A4 /* Frameworks */,
				418B98DA2C8F495C009E51A4 /* Resources */,
			);
			buildRules = (
			);
			dependencies = (
				418B98DE2C8F495C009E51A4 /* PBXTargetDependency */,
			);
			name = "RickAndMorty-MVVMTests";
			productName = "RickAndMorty-MVVMTests";
			productReference = 418B98DC2C8F495C009E51A4 /* RickAndMorty-MVVMTests.xctest */;
			productType = "com.apple.product-type.bundle.unit-test";
		};
		418B98E52C8F495C009E51A4 /* RickAndMorty-MVVMUITests */ = {
			isa = PBXNativeTarget;
			buildConfigurationList = 418B98F62C8F495C009E51A4 /* Build configuration list for PBXNativeTarget "RickAndMorty-MVVMUITests" */;
			buildPhases = (
				418B98E22C8F495C009E51A4 /* Sources */,
				418B98E32C8F495C009E51A4 /* Frameworks */,
				418B98E42C8F495C009E51A4 /* Resources */,
			);
			buildRules = (
			);
			dependencies = (
				418B98E82C8F495C009E51A4 /* PBXTargetDependency */,
			);
			name = "RickAndMorty-MVVMUITests";
			productName = "RickAndMorty-MVVMUITests";
			productReference = 418B98E62C8F495C009E51A4 /* RickAndMorty-MVVMUITests.xctest */;
			productType = "com.apple.product-type.bundle.ui-testing";
		};
/* End PBXNativeTarget section */

/* Begin PBXProject section */
		418B98BE2C8F495A009E51A4 /* Project object */ = {
			isa = PBXProject;
			attributes = {
				BuildIndependentTargetsInParallel = 1;
				LastSwiftUpdateCheck = 1540;
				LastUpgradeCheck = 1540;
				TargetAttributes = {
					418B98C52C8F495A009E51A4 = {
						CreatedOnToolsVersion = 15.4;
					};
					418B98DB2C8F495C009E51A4 = {
						CreatedOnToolsVersion = 15.4;
						TestTargetID = 418B98C52C8F495A009E51A4;
					};
					418B98E52C8F495C009E51A4 = {
						CreatedOnToolsVersion = 15.4;
						TestTargetID = 418B98C52C8F495A009E51A4;
					};
				};
			};
			buildConfigurationList = 418B98C12C8F495A009E51A4 /* Build configuration list for PBXProject "RickAndMorty-MVVM" */;
			compatibilityVersion = "Xcode 14.0";
			developmentRegion = en;
			hasScannedForEncodings = 0;
			knownRegions = (
				en,
				Base,
			);
			mainGroup = 418B98BD2C8F495A009E51A4;
			productRefGroup = 418B98C72C8F495A009E51A4 /* Products */;
			projectDirPath = "";
			projectRoot = "";
			targets = (
				418B98C52C8F495A009E51A4 /* RickAndMorty-MVVM */,
				418B98DB2C8F495C009E51A4 /* RickAndMorty-MVVMTests */,
				418B98E52C8F495C009E51A4 /* RickAndMorty-MVVMUITests */,
			);
		};
/* End PBXProject section */

/* Begin PBXResourcesBuildPhase section */
		418B98C42C8F495A009E51A4 /* Resources */ = {
			isa = PBXResourcesBuildPhase;
			buildActionMask = 2147483647;
			files = (
				418B98D32C8F495C009E51A4 /* Assets.xcassets in Resources */,
				418B98D62C8F495C009E51A4 /* Base in Resources */,
				418B98D12C8F495A009E51A4 /* Base in Resources */,
			);
			runOnlyForDeploymentPostprocessing = 0;
		};
		418B98DA2C8F495C009E51A4 /* Resources */ = {
			isa = PBXResourcesBuildPhase;
			buildActionMask = 2147483647;
			files = (
			);
			runOnlyForDeploymentPostprocessing = 0;
		};
		418B98E42C8F495C009E51A4 /* Resources */ = {
			isa = PBXResourcesBuildPhase;
			buildActionMask = 2147483647;
			files = (
			);
			runOnlyForDeploymentPostprocessing = 0;
		};
/* End PBXResourcesBuildPhase section */

/* Begin PBXSourcesBuildPhase section */
		418B98C22C8F495A009E51A4 /* Sources */ = {
			isa = PBXSourcesBuildPhase;
			buildActionMask = 2147483647;
			files = (
				418B98CE2C8F495A009E51A4 /* ViewController.swift in Sources */,
				418B98CA2C8F495A009E51A4 /* AppDelegate.swift in Sources */,
				418B98CC2C8F495A009E51A4 /* SceneDelegate.swift in Sources */,
			);
			runOnlyForDeploymentPostprocessing = 0;
		};
		418B98D82C8F495C009E51A4 /* Sources */ = {
			isa = PBXSourcesBuildPhase;
			buildActionMask = 2147483647;
			files = (
				418B98E12C8F495C009E51A4 /* RickAndMorty_MVVMTests.swift in Sources */,
			);
			runOnlyForDeploymentPostprocessing = 0;
		};
		418B98E22C8F495C009E51A4 /* Sources */ = {
			isa = PBXSourcesBuildPhase;
			buildActionMask = 2147483647;
			files = (
				418B98EB2C8F495C009E51A4 /* RickAndMorty_MVVMUITests.swift in Sources */,
				418B98ED2C8F495C009E51A4 /* RickAndMorty_MVVMUITestsLaunchTests.swift in Sources */,
			);
			runOnlyForDeploymentPostprocessing = 0;
		};
/* End PBXSourcesBuildPhase section */

/* Begin PBXTargetDependency section */
		418B98DE2C8F495C009E51A4 /* PBXTargetDependency */ = {
			isa = PBXTargetDependency;
			target = 418B98C52C8F495A009E51A4 /* RickAndMorty-MVVM */;
			targetProxy = 418B98DD2C8F495C009E51A4 /* PBXContainerItemProxy */;
		};
		418B98E82C8F495C009E51A4 /* PBXTargetDependency */ = {
			isa = PBXTargetDependency;
			target = 418B98C52C8F495A009E51A4 /* RickAndMorty-MVVM */;
			targetProxy = 418B98E72C8F495C009E51A4 /* PBXContainerItemProxy */;
		};
/* End PBXTargetDependency section */

/* Begin PBXVariantGroup section */
		418B98CF2C8F495A009E51A4 /* Main.storyboard */ = {
			isa = PBXVariantGroup;
			children = (
				418B98D02C8F495A009E51A4 /* Base */,
			);
			name = Main.storyboard;
			sourceTree = "<group>";
		};
		418B98D42C8F495C009E51A4 /* LaunchScreen.storyboard */ = {
			isa = PBXVariantGroup;
			children = (
				418B98D52C8F495C009E51A4 /* Base */,
			);
			name = LaunchScreen.storyboard;
			sourceTree = "<group>";
		};
/* End PBXVariantGroup section */

/* Begin XCBuildConfiguration section */
		418B98EE2C8F495C009E51A4 /* Debug */ = {
			isa = XCBuildConfiguration;
			buildSettings = {
				ALWAYS_SEARCH_USER_PATHS = NO;
				ASSETCATALOG_COMPILER_GENERATE_SWIFT_ASSET_SYMBOL_EXTENSIONS = YES;
				CLANG_ANALYZER_NONNULL = YES;
				CLANG_ANALYZER_NUMBER_OBJECT_CONVERSION = YES_AGGRESSIVE;
				CLANG_CXX_LANGUAGE_STANDARD = "gnu++20";
				CLANG_ENABLE_MODULES = YES;
				CLANG_ENABLE_OBJC_ARC = YES;
				CLANG_ENABLE_OBJC_WEAK = YES;
				CLANG_WARN_BLOCK_CAPTURE_AUTORELEASING = YES;
				CLANG_WARN_BOOL_CONVERSION = YES;
				CLANG_WARN_COMMA = YES;
				CLANG_WARN_CONSTANT_CONVERSION = YES;
				CLANG_WARN_DEPRECATED_OBJC_IMPLEMENTATIONS = YES;
				CLANG_WARN_DIRECT_OBJC_ISA_USAGE = YES_ERROR;
				CLANG_WARN_DOCUMENTATION_COMMENTS = YES;
				CLANG_WARN_EMPTY_BODY = YES;
				CLANG_WARN_ENUM_CONVERSION = YES;
				CLANG_WARN_INFINITE_RECURSION = YES;
				CLANG_WARN_INT_CONVERSION = YES;
				CLANG_WARN_NON_LITERAL_NULL_CONVERSION = YES;
				CLANG_WARN_OBJC_IMPLICIT_RETAIN_SELF = YES;
				CLANG_WARN_OBJC_LITERAL_CONVERSION = YES;
				CLANG_WARN_OBJC_ROOT_CLASS = YES_ERROR;
				CLANG_WARN_QUOTED_INCLUDE_IN_FRAMEWORK_HEADER = YES;
				CLANG_WARN_RANGE_LOOP_ANALYSIS = YES;
				CLANG_WARN_STRICT_PROTOTYPES = YES;
				CLANG_WARN_SUSPICIOUS_MOVE = YES;
				CLANG_WARN_UNGUARDED_AVAILABILITY = YES_AGGRESSIVE;
				CLANG_WARN_UNREACHABLE_CODE = YES;
				CLANG_WARN__DUPLICATE_METHOD_MATCH = YES;
				COPY_PHASE_STRIP = NO;
				DEBUG_INFORMATION_FORMAT = dwarf;
				ENABLE_STRICT_OBJC_MSGSEND = YES;
				ENABLE_TESTABILITY = YES;
				ENABLE_USER_SCRIPT_SANDBOXING = YES;
				GCC_C_LANGUAGE_STANDARD = gnu17;
				GCC_DYNAMIC_NO_PIC = NO;
				GCC_NO_COMMON_BLOCKS = YES;
				GCC_OPTIMIZATION_LEVEL = 0;
				GCC_PREPROCESSOR_DEFINITIONS = (
					"DEBUG=1",
					"$(inherited)",
				);
				GCC_WARN_64_TO_32_BIT_CONVERSION = YES;
				GCC_WARN_ABOUT_RETURN_TYPE = YES_ERROR;
				GCC_WARN_UNDECLARED_SELECTOR = YES;
				GCC_WARN_UNINITIALIZED_AUTOS = YES_AGGRESSIVE;
				GCC_WARN_UNUSED_FUNCTION = YES;
				GCC_WARN_UNUSED_VARIABLE = YES;
				IPHONEOS_DEPLOYMENT_TARGET = 17.5;
				LOCALIZATION_PREFERS_STRING_CATALOGS = YES;
				MTL_ENABLE_DEBUG_INFO = INCLUDE_SOURCE;
				MTL_FAST_MATH = YES;
				ONLY_ACTIVE_ARCH = YES;
				SDKROOT = iphoneos;
				SWIFT_ACTIVE_COMPILATION_CONDITIONS = "DEBUG $(inherited)";
				SWIFT_OPTIMIZATION_LEVEL = "-Onone";
			};
			name = Debug;
		};
		418B98EF2C8F495C009E51A4 /* Release */ = {
			isa = XCBuildConfiguration;
			buildSettings = {
				ALWAYS_SEARCH_USER_PATHS = NO;
				ASSETCATALOG_COMPILER_GENERATE_SWIFT_ASSET_SYMBOL_EXTENSIONS = YES;
				CLANG_ANALYZER_NONNULL = YES;
				CLANG_ANALYZER_NUMBER_OBJECT_CONVERSION = YES_AGGRESSIVE;
				CLANG_CXX_LANGUAGE_STANDARD = "gnu++20";
				CLANG_ENABLE_MODULES = YES;
				CLANG_ENABLE_OBJC_ARC = YES;
				CLANG_ENABLE_OBJC_WEAK = YES;
				CLANG_WARN_BLOCK_CAPTURE_AUTORELEASING = YES;
				CLANG_WARN_BOOL_CONVERSION = YES;
				CLANG_WARN_COMMA = YES;
				CLANG_WARN_CONSTANT_CONVERSION = YES;
				CLANG_WARN_DEPRECATED_OBJC_IMPLEMENTATIONS = YES;
				CLANG_WARN_DIRECT_OBJC_ISA_USAGE = YES_ERROR;
				CLANG_WARN_DOCUMENTATION_COMMENTS = YES;
				CLANG_WARN_EMPTY_BODY = YES;
				CLANG_WARN_ENUM_CONVERSION = YES;
				CLANG_WARN_INFINITE_RECURSION = YES;
				CLANG_WARN_INT_CONVERSION = YES;
				CLANG_WARN_NON_LITERAL_NULL_CONVERSION = YES;
				CLANG_WARN_OBJC_IMPLICIT_RETAIN_SELF = YES;
				CLANG_WARN_OBJC_LITERAL_CONVERSION = YES;
				CLANG_WARN_OBJC_ROOT_CLASS = YES_ERROR;
				CLANG_WARN_QUOTED_INCLUDE_IN_FRAMEWORK_HEADER = YES;
				CLANG_WARN_RANGE_LOOP_ANALYSIS = YES;
				CLANG_WARN_STRICT_PROTOTYPES = YES;
				CLANG_WARN_SUSPICIOUS_MOVE = YES;
				CLANG_WARN_UNGUARDED_AVAILABILITY = YES_AGGRESSIVE;
				CLANG_WARN_UNREACHABLE_CODE = YES;
				CLANG_WARN__DUPLICATE_METHOD_MATCH = YES;
				COPY_PHASE_STRIP = NO;
				DEBUG_INFORMATION_FORMAT = "dwarf-with-dsym";
				ENABLE_NS_ASSERTIONS = NO;
				ENABLE_STRICT_OBJC_MSGSEND = YES;
				ENABLE_USER_SCRIPT_SANDBOXING = YES;
				GCC_C_LANGUAGE_STANDARD = gnu17;
				GCC_NO_COMMON_BLOCKS = YES;
				GCC_WARN_64_TO_32_BIT_CONVERSION = YES;
				GCC_WARN_ABOUT_RETURN_TYPE = YES_ERROR;
				GCC_WARN_UNDECLARED_SELECTOR = YES;
				GCC_WARN_UNINITIALIZED_AUTOS = YES_AGGRESSIVE;
				GCC_WARN_UNUSED_FUNCTION = YES;
				GCC_WARN_UNUSED_VARIABLE = YES;
				IPHONEOS_DEPLOYMENT_TARGET = 17.5;
				LOCALIZATION_PREFERS_STRING_CATALOGS = YES;
				MTL_ENABLE_DEBUG_INFO = NO;
				MTL_FAST_MATH = YES;
				SDKROOT = iphoneos;
				SWIFT_COMPILATION_MODE = wholemodule;
				VALIDATE_PRODUCT = YES;
			};
			name = Release;
		};
		418B98F12C8F495C009E51A4 /* Debug */ = {
			isa = XCBuildConfiguration;
			buildSettings = {
				ASSETCATALOG_COMPILER_APPICON_NAME = AppIcon;
				ASSETCATALOG_COMPILER_GLOBAL_ACCENT_COLOR_NAME = AccentColor;
				CODE_SIGN_STYLE = Automatic;
				CURRENT_PROJECT_VERSION = 1;
				DEVELOPMENT_TEAM = 4MF48DSD8D;
				GENERATE_INFOPLIST_FILE = YES;
				INFOPLIST_FILE = "RickAndMorty-MVVM/Info.plist";
				INFOPLIST_KEY_UIApplicationSupportsIndirectInputEvents = YES;
				INFOPLIST_KEY_UILaunchStoryboardName = LaunchScreen;
				INFOPLIST_KEY_UIMainStoryboardFile = Main;
				INFOPLIST_KEY_UISupportedInterfaceOrientations_iPad = "UIInterfaceOrientationPortrait UIInterfaceOrientationPortraitUpsideDown UIInterfaceOrientationLandscapeLeft UIInterfaceOrientationLandscapeRight";
				INFOPLIST_KEY_UISupportedInterfaceOrientations_iPhone = "UIInterfaceOrientationPortrait UIInterfaceOrientationLandscapeLeft UIInterfaceOrientationLandscapeRight";
				LD_RUNPATH_SEARCH_PATHS = (
					"$(inherited)",
					"@executable_path/Frameworks",
				);
				MARKETING_VERSION = 1.0;
				PRODUCT_BUNDLE_IDENTIFIER = "mertyilmaz.RickAndMorty-MVVM";
				PRODUCT_NAME = "$(TARGET_NAME)";
				SWIFT_EMIT_LOC_STRINGS = YES;
				SWIFT_VERSION = 5.0;
				TARGETED_DEVICE_FAMILY = "1,2";
			};
			name = Debug;
		};
		418B98F22C8F495C009E51A4 /* Release */ = {
			isa = XCBuildConfiguration;
			buildSettings = {
				ASSETCATALOG_COMPILER_APPICON_NAME = AppIcon;
				ASSETCATALOG_COMPILER_GLOBAL_ACCENT_COLOR_NAME = AccentColor;
				CODE_SIGN_STYLE = Automatic;
				CURRENT_PROJECT_VERSION = 1;
				DEVELOPMENT_TEAM = 4MF48DSD8D;
				GENERATE_INFOPLIST_FILE = YES;
				INFOPLIST_FILE = "RickAndMorty-MVVM/Info.plist";
				INFOPLIST_KEY_UIApplicationSupportsIndirectInputEvents = YES;
				INFOPLIST_KEY_UILaunchStoryboardName = LaunchScreen;
				INFOPLIST_KEY_UIMainStoryboardFile = Main;
				INFOPLIST_KEY_UISupportedInterfaceOrientations_iPad = "UIInterfaceOrientationPortrait UIInterfaceOrientationPortraitUpsideDown UIInterfaceOrientationLandscapeLeft UIInterfaceOrientationLandscapeRight";
				INFOPLIST_KEY_UISupportedInterfaceOrientations_iPhone = "UIInterfaceOrientationPortrait UIInterfaceOrientationLandscapeLeft UIInterfaceOrientationLandscapeRight";
				LD_RUNPATH_SEARCH_PATHS = (
					"$(inherited)",
					"@executable_path/Frameworks",
				);
				MARKETING_VERSION = 1.0;
				PRODUCT_BUNDLE_IDENTIFIER = "mertyilmaz.RickAndMorty-MVVM";
				PRODUCT_NAME = "$(TARGET_NAME)";
				SWIFT_EMIT_LOC_STRINGS = YES;
				SWIFT_VERSION = 5.0;
				TARGETED_DEVICE_FAMILY = "1,2";
			};
			name = Release;
		};
		418B98F42C8F495C009E51A4 /* Debug */ = {
			isa = XCBuildConfiguration;
			buildSettings = {
				ALWAYS_EMBED_SWIFT_STANDARD_LIBRARIES = YES;
				BUNDLE_LOADER = "$(TEST_HOST)";
				CODE_SIGN_STYLE = Automatic;
				CURRENT_PROJECT_VERSION = 1;
				DEVELOPMENT_TEAM = 4MF48DSD8D;
				GENERATE_INFOPLIST_FILE = YES;
				IPHONEOS_DEPLOYMENT_TARGET = 17.5;
				MARKETING_VERSION = 1.0;
				PRODUCT_BUNDLE_IDENTIFIER = "mertyilmaz.RickAndMorty-MVVMTests";
				PRODUCT_NAME = "$(TARGET_NAME)";
				SWIFT_EMIT_LOC_STRINGS = NO;
				SWIFT_VERSION = 5.0;
				TARGETED_DEVICE_FAMILY = "1,2";
				TEST_HOST = "$(BUILT_PRODUCTS_DIR)/RickAndMorty-MVVM.app/$(BUNDLE_EXECUTABLE_FOLDER_PATH)/RickAndMorty-MVVM";
			};
			name = Debug;
		};
		418B98F52C8F495C009E51A4 /* Release */ = {
			isa = XCBuildConfiguration;
			buildSettings = {
				ALWAYS_EMBED_SWIFT_STANDARD_LIBRARIES = YES;
				BUNDLE_LOADER = "$(TEST_HOST)";
				CODE_SIGN_STYLE = Automatic;
				CURRENT_PROJECT_VERSION = 1;
				DEVELOPMENT_TEAM = 4MF48DSD8D;
				GENERATE_INFOPLIST_FILE = YES;
				IPHONEOS_DEPLOYMENT_TARGET = 17.5;
				MARKETING_VERSION = 1.0;
				PRODUCT_BUNDLE_IDENTIFIER = "mertyilmaz.RickAndMorty-MVVMTests";
				PRODUCT_NAME = "$(TARGET_NAME)";
				SWIFT_EMIT_LOC_STRINGS = NO;
				SWIFT_VERSION = 5.0;
				TARGETED_DEVICE_FAMILY = "1,2";
				TEST_HOST = "$(BUILT_PRODUCTS_DIR)/RickAndMorty-MVVM.app/$(BUNDLE_EXECUTABLE_FOLDER_PATH)/RickAndMorty-MVVM";
			};
			name = Release;
		};
		418B98F72C8F495C009E51A4 /* Debug */ = {
			isa = XCBuildConfiguration;
			buildSettings = {
				ALWAYS_EMBED_SWIFT_STANDARD_LIBRARIES = YES;
				CODE_SIGN_STYLE = Automatic;
				CURRENT_PROJECT_VERSION = 1;
				DEVELOPMENT_TEAM = 4MF48DSD8D;
				GENERATE_INFOPLIST_FILE = YES;
				MARKETING_VERSION = 1.0;
				PRODUCT_BUNDLE_IDENTIFIER = "mertyilmaz.RickAndMorty-MVVMUITests";
				PRODUCT_NAME = "$(TARGET_NAME)";
				SWIFT_EMIT_LOC_STRINGS = NO;
				SWIFT_VERSION = 5.0;
				TARGETED_DEVICE_FAMILY = "1,2";
				TEST_TARGET_NAME = "RickAndMorty-MVVM";
			};
			name = Debug;
		};
		418B98F82C8F495C009E51A4 /* Release */ = {
			isa = XCBuildConfiguration;
			buildSettings = {
				ALWAYS_EMBED_SWIFT_STANDARD_LIBRARIES = YES;
				CODE_SIGN_STYLE = Automatic;
				CURRENT_PROJECT_VERSION = 1;
				DEVELOPMENT_TEAM = 4MF48DSD8D;
				GENERATE_INFOPLIST_FILE = YES;
				MARKETING_VERSION = 1.0;
				PRODUCT_BUNDLE_IDENTIFIER = "mertyilmaz.RickAndMorty-MVVMUITests";
				PRODUCT_NAME = "$(TARGET_NAME)";
				SWIFT_EMIT_LOC_STRINGS = NO;
				SWIFT_VERSION = 5.0;
				TARGETED_DEVICE_FAMILY = "1,2";
				TEST_TARGET_NAME = "RickAndMorty-MVVM";
			};
			name = Release;
		};
/* End XCBuildConfiguration section */

/* Begin XCConfigurationList section */
		418B98C12C8F495A009E51A4 /* Build configuration list for PBXProject "RickAndMorty-MVVM" */ = {
			isa = XCConfigurationList;
			buildConfigurations = (
				418B98EE2C8F495C009E51A4 /* Debug */,
				418B98EF2C8F495C009E51A4 /* Release */,
			);
			defaultConfigurationIsVisible = 0;
			defaultConfigurationName = Release;
		};
		418B98F02C8F495C009E51A4 /* Build configuration list for PBXNativeTarget "RickAndMorty-MVVM" */ = {
			isa = XCConfigurationList;
			buildConfigurations = (
				418B98F12C8F495C009E51A4 /* Debug */,
				418B98F22C8F495C009E51A4 /* Release */,
			);
			defaultConfigurationIsVisible = 0;
			defaultConfigurationName = Release;
		};
		418B98F32C8F495C009E51A4 /* Build configuration list for PBXNativeTarget "RickAndMorty-MVVMTests" */ = {
			isa = XCConfigurationList;
			buildConfigurations = (
				418B98F42C8F495C009E51A4 /* Debug */,
				418B98F52C8F495C009E51A4 /* Release */,
			);
			defaultConfigurationIsVisible = 0;
			defaultConfigurationName = Release;
		};
		418B98F62C8F495C009E51A4 /* Build configuration list for PBXNativeTarget "RickAndMorty-MVVMUITests" */ = {
			isa = XCConfigurationList;
			buildConfigurations = (
				418B98F72C8F495C009E51A4 /* Debug */,
				418B98F82C8F495C009E51A4 /* Release */,
			);
			defaultConfigurationIsVisible = 0;
			defaultConfigurationName = Release;
		};
/* End XCConfigurationList section */
	};
	rootObject = 418B98BE2C8F495A009E51A4 /* Project object */;
}
